
Microsoft Visual Studio Solution File, Format Version 12.00
# Visual Studio Version 17
VisualStudioVersion = 17.14.36109.1 d17.14
MinimumVisualStudioVersion = 10.0.40219.1
Project("{FAE04EC0-301F-11D3-BF4B-00C04F79EFBC}") = "AD00020_Control", "AD00020_Control\AD00020_Control.csproj", "{8060D908-0278-48BC-975F-D537BC4929B7}"
EndProject
Project("{8BC9CEB8-8B4A-11D0-8D11-00A0C91BC942}") = "USB_IR_Library", "USB_IR_Library\USB_IR_Library.vcxproj", "{3A350E23-6CF4-4384-85D8-A673EE592B9C}"
EndProject
Global
	GlobalSection(SolutionConfigurationPlatforms) = preSolution
		Debug|Any CPU = Debug|Any CPU
		Debug|x86 = Debug|x86
		Release|Any CPU = Release|Any CPU
		Release|x86 = Release|x86
	EndGlobalSection
	GlobalSection(ProjectConfigurationPlatforms) = postSolution
		{8060D908-0278-48BC-975F-D537BC4929B7}.Debug|Any CPU.ActiveCfg = Debug|Any CPU
		{8060D908-0278-48BC-975F-D537BC4929B7}.Debug|Any CPU.Build.0 = Debug|Any CPU
		{8060D908-0278-48BC-975F-D537BC4929B7}.Debug|x86.ActiveCfg = Debug|x86
		{8060D908-0278-48BC-975F-D537BC4929B7}.Debug|x86.Build.0 = Debug|x86
		{8060D908-0278-48BC-975F-D537BC4929B7}.Release|Any CPU.ActiveCfg = Release|Any CPU
		{8060D908-0278-48BC-975F-D537BC4929B7}.Release|Any CPU.Build.0 = Release|Any CPU
		{8060D908-0278-48BC-975F-D537BC4929B7}.Release|x86.ActiveCfg = Release|x86
		{8060D908-0278-48BC-975F-D537BC4929B7}.Release|x86.Build.0 = Release|x86
	EndGlobalSection
	GlobalSection(SolutionProperties) = preSolution
		HideSolutionNode = FALSE
	EndGlobalSection
	GlobalSection(ExtensibilityGlobals) = postSolution
		SolutionGuid = {9105271A-8379-41CF-B368-2E16FE12BBEF}
	EndGlobalSection
EndGlobal
